
Microsoft Visual Studio Solution File, Format Version 11.00
# Visual Studio 2010
Project("{FAE04EC0-301F-11D3-BF4B-00C04F79EFBC}") = "ProjectEulerRunner", "ProjectEulerRunner\ProjectEulerRunner.csproj", "{52C16939-68F7-4CD2-80BC-F171D01AD72E}"
EndProject
Project("{FAE04EC0-301F-11D3-BF4B-00C04F79EFBC}") = "ProjectEulerCSharp", "ProjectEulerCSharp\ProjectEulerCSharp.csproj", "{48F63D14-75A3-40BC-A3D6-F8894BFB6E38}"
EndProject
Project("{FAE04EC0-301F-11D3-BF4B-00C04F79EFBC}") = "ProjectEulerCore", "ProjectEulerCore\ProjectEulerCore.csproj", "{E3FDF12A-023A-4072-947B-BBD249CF1C6B}"
EndProject
Project("{F2A71F9B-5D33-465A-A702-920D77279786}") = "ProjectEulerFSharp", "ProjectEulerFSharp\ProjectEulerFSharp.fsproj", "{2AB1F603-55F5-4CE5-B45E-7C62875B7E93}"
EndProject
Global
	GlobalSection(SolutionConfigurationPlatforms) = preSolution
		Debug|Any CPU = Debug|Any CPU
		Debug|Mixed Platforms = Debug|Mixed Platforms
		Debug|x86 = Debug|x86
		Release|Any CPU = Release|Any CPU
		Release|Mixed Platforms = Release|Mixed Platforms
		Release|x86 = Release|x86
	EndGlobalSection
	GlobalSection(ProjectConfigurationPlatforms) = postSolution
		{52C16939-68F7-4CD2-80BC-F171D01AD72E}.Debug|Any CPU.ActiveCfg = Debug|x86
		{52C16939-68F7-4CD2-80BC-F171D01AD72E}.Debug|Mixed Platforms.ActiveCfg = Debug|x86
		{52C16939-68F7-4CD2-80BC-F171D01AD72E}.Debug|Mixed Platforms.Build.0 = Debug|x86
		{52C16939-68F7-4CD2-80BC-F171D01AD72E}.Debug|x86.ActiveCfg = Debug|x86
		{52C16939-68F7-4CD2-80BC-F171D01AD72E}.Debug|x86.Build.0 = Debug|x86
		{52C16939-68F7-4CD2-80BC-F171D01AD72E}.Release|Any CPU.ActiveCfg = Release|x86
		{52C16939-68F7-4CD2-80BC-F171D01AD72E}.Release|Mixed Platforms.ActiveCfg = Release|x86
		{52C16939-68F7-4CD2-80BC-F171D01AD72E}.Release|Mixed Platforms.Build.0 = Release|x86
		{52C16939-68F7-4CD2-80BC-F171D01AD72E}.Release|x86.ActiveCfg = Release|x86
		{52C16939-68F7-4CD2-80BC-F171D01AD72E}.Release|x86.Build.0 = Release|x86
		{48F63D14-75A3-40BC-A3D6-F8894BFB6E38}.Debug|Any CPU.ActiveCfg = Debug|Any CPU
		{48F63D14-75A3-40BC-A3D6-F8894BFB6E38}.Debug|Any CPU.Build.0 = Debug|Any CPU
		{48F63D14-75A3-40BC-A3D6-F8894BFB6E38}.Debug|Mixed Platforms.ActiveCfg = Debug|Any CPU
		{48F63D14-75A3-40BC-A3D6-F8894BFB6E38}.Debug|Mixed Platforms.Build.0 = Debug|Any CPU
		{48F63D14-75A3-40BC-A3D6-F8894BFB6E38}.Debug|x86.ActiveCfg = Debug|Any CPU
		{48F63D14-75A3-40BC-A3D6-F8894BFB6E38}.Release|Any CPU.ActiveCfg = Release|Any CPU
		{48F63D14-75A3-40BC-A3D6-F8894BFB6E38}.Release|Any CPU.Build.0 = Release|Any CPU
		{48F63D14-75A3-40BC-A3D6-F8894BFB6E38}.Release|Mixed Platforms.ActiveCfg = Release|Any CPU
		{48F63D14-75A3-40BC-A3D6-F8894BFB6E38}.Release|Mixed Platforms.Build.0 = Release|Any CPU
		{48F63D14-75A3-40BC-A3D6-F8894BFB6E38}.Release|x86.ActiveCfg = Release|Any CPU
		{E3FDF12A-023A-4072-947B-BBD249CF1C6B}.Debug|Any CPU.ActiveCfg = Debug|Any CPU
		{E3FDF12A-023A-4072-947B-BBD249CF1C6B}.Debug|Any CPU.Build.0 = Debug|Any CPU
		{E3FDF12A-023A-4072-947B-BBD249CF1C6B}.Debug|Mixed Platforms.ActiveCfg = Debug|Any CPU
		{E3FDF12A-023A-4072-947B-BBD249CF1C6B}.Debug|Mixed Platforms.Build.0 = Debug|Any CPU
		{E3FDF12A-023A-4072-947B-BBD249CF1C6B}.Debug|x86.ActiveCfg = Debug|Any CPU
		{E3FDF12A-023A-4072-947B-BBD249CF1C6B}.Release|Any CPU.ActiveCfg = Release|Any CPU
		{E3FDF12A-023A-4072-947B-BBD249CF1C6B}.Release|Any CPU.Build.0 = Release|Any CPU
		{E3FDF12A-023A-4072-947B-BBD249CF1C6B}.Release|Mixed Platforms.ActiveCfg = Release|Any CPU
		{E3FDF12A-023A-4072-947B-BBD249CF1C6B}.Release|Mixed Platforms.Build.0 = Release|Any CPU
		{E3FDF12A-023A-4072-947B-BBD249CF1C6B}.Release|x86.ActiveCfg = Release|Any CPU
		{2AB1F603-55F5-4CE5-B45E-7C62875B7E93}.Debug|Any CPU.ActiveCfg = Debug|Any CPU
		{2AB1F603-55F5-4CE5-B45E-7C62875B7E93}.Debug|Any CPU.Build.0 = Debug|Any CPU
		{2AB1F603-55F5-4CE5-B45E-7C62875B7E93}.Debug|Mixed Platforms.ActiveCfg = Debug|Any CPU
		{2AB1F603-55F5-4CE5-B45E-7C62875B7E93}.Debug|Mixed Platforms.Build.0 = Debug|Any CPU
		{2AB1F603-55F5-4CE5-B45E-7C62875B7E93}.Debug|x86.ActiveCfg = Debug|Any CPU
		{2AB1F603-55F5-4CE5-B45E-7C62875B7E93}.Release|Any CPU.ActiveCfg = Release|Any CPU
		{2AB1F603-55F5-4CE5-B45E-7C62875B7E93}.Release|Any CPU.Build.0 = Release|Any CPU
		{2AB1F603-55F5-4CE5-B45E-7C62875B7E93}.Release|Mixed Platforms.ActiveCfg = Release|Any CPU
		{2AB1F603-55F5-4CE5-B45E-7C62875B7E93}.Release|Mixed Platforms.Build.0 = Release|Any CPU
		{2AB1F603-55F5-4CE5-B45E-7C62875B7E93}.Release|x86.ActiveCfg = Release|Any CPU
	EndGlobalSection
	GlobalSection(SolutionProperties) = preSolution
		HideSolutionNode = FALSE
	EndGlobalSection
EndGlobal
